// !$*UTF8*$!
{
	archiveVersion = 1;
	classes = {
	};
	objectVersion = 46;
	objects = {

/* Begin PBXBuildFile section */
		321626CB1F6CE4EF008C390C /* AppDelegate.swift in Sources */ = {isa = PBXBuildFile; fileRef = 321626CA1F6CE4EF008C390C /* AppDelegate.swift */; };
		321626CD1F6CE4EF008C390C /* LoginViewController.swift in Sources */ = {isa = PBXBuildFile; fileRef = 321626CC1F6CE4EF008C390C /* LoginViewController.swift */; };
		321626CF1F6CE4EF008C390C /* DiscoverViewController.swift in Sources */ = {isa = PBXBuildFile; fileRef = 321626CE1F6CE4EF008C390C /* DiscoverViewController.swift */; };
		321626D41F6CE4EF008C390C /* Assets.xcassets in Resources */ = {isa = PBXBuildFile; fileRef = 321626D31F6CE4EF008C390C /* Assets.xcassets */; };
		321626D71F6CE4EF008C390C /* LaunchScreen.storyboard in Resources */ = {isa = PBXBuildFile; fileRef = 321626D51F6CE4EF008C390C /* LaunchScreen.storyboard */; };
		321626E31F6CE57B008C390C /* LoginViewModel.swift in Sources */ = {isa = PBXBuildFile; fileRef = 321626E21F6CE57B008C390C /* LoginViewModel.swift */; };
		321626E51F6CE583008C390C /* DiscoverViewModel.swift in Sources */ = {isa = PBXBuildFile; fileRef = 321626E41F6CE583008C390C /* DiscoverViewModel.swift */; };
		321626E71F6CE5FA008C390C /* Login.storyboard in Resources */ = {isa = PBXBuildFile; fileRef = 321626E61F6CE5FA008C390C /* Login.storyboard */; };
		321626E91F6CE8FB008C390C /* Discover.storyboard in Resources */ = {isa = PBXBuildFile; fileRef = 321626E81F6CE8FB008C390C /* Discover.storyboard */; };
		321626ED1F6D05E2008C390C /* User.swift in Sources */ = {isa = PBXBuildFile; fileRef = 321626EC1F6D05E2008C390C /* User.swift */; };
		321626F01F6D155A008C390C /* LoginAPIRouter.swift in Sources */ = {isa = PBXBuildFile; fileRef = 321626EF1F6D155A008C390C /* LoginAPIRouter.swift */; };
		321626F21F6D23AD008C390C /* SongInfo.swift in Sources */ = {isa = PBXBuildFile; fileRef = 321626F11F6D23AD008C390C /* SongInfo.swift */; };
		321626F61F6D3560008C390C /* Coordinate2D.swift in Sources */ = {isa = PBXBuildFile; fileRef = 321626F51F6D3560008C390C /* Coordinate2D.swift */; };
		321626F81F6D4F6A008C390C /* RoundedImageView.swift in Sources */ = {isa = PBXBuildFile; fileRef = 321626F71F6D4F6A008C390C /* RoundedImageView.swift */; };
		321626FA1F6D6BBC008C390C /* DiscoverTableViewCell.swift in Sources */ = {isa = PBXBuildFile; fileRef = 321626F91F6D6BBC008C390C /* DiscoverTableViewCell.swift */; };
		321626FC1F6D773E008C390C /* ScreenCoords.swift in Sources */ = {isa = PBXBuildFile; fileRef = 321626FB1F6D773E008C390C /* ScreenCoords.swift */; };
		321626FE1F6D92BF008C390C /* Constants.swift in Sources */ = {isa = PBXBuildFile; fileRef = 321626FD1F6D92BF008C390C /* Constants.swift */; };
		321627001F6D9F11008C390C /* UserProfile.storyboard in Resources */ = {isa = PBXBuildFile; fileRef = 321626FF1F6D9F11008C390C /* UserProfile.storyboard */; };
		321627021F6DC10B008C390C /* APIResult.swift in Sources */ = {isa = PBXBuildFile; fileRef = 321627011F6DC10B008C390C /* APIResult.swift */; };
		321627081F6DC120008C390C /* FollowingAPIRouter.swift in Sources */ = {isa = PBXBuildFile; fileRef = 321627031F6DC120008C390C /* FollowingAPIRouter.swift */; };
		321627091F6DC120008C390C /* LocationAPIRouter.swift in Sources */ = {isa = PBXBuildFile; fileRef = 321627041F6DC120008C390C /* LocationAPIRouter.swift */; };
		3216270A1F6DC120008C390C /* NearbyAPIRouter.swift in Sources */ = {isa = PBXBuildFile; fileRef = 321627051F6DC120008C390C /* NearbyAPIRouter.swift */; };
		3216270B1F6DC120008C390C /* StatusAPIRouter.swift in Sources */ = {isa = PBXBuildFile; fileRef = 321627061F6DC120008C390C /* StatusAPIRouter.swift */; };
		3216270C1F6DC120008C390C /* UserAPIRouter.swift in Sources */ = {isa = PBXBuildFile; fileRef = 321627071F6DC120008C390C /* UserAPIRouter.swift */; };
		3216270E1F6DC787008C390C /* UserProfileViewController.swift in Sources */ = {isa = PBXBuildFile; fileRef = 3216270D1F6DC787008C390C /* UserProfileViewController.swift */; };
		321627101F6DCCF9008C390C /* UserProfileViewModel.swift in Sources */ = {isa = PBXBuildFile; fileRef = 3216270F1F6DCCF9008C390C /* UserProfileViewModel.swift */; };
		321627121F6DD936008C390C /* ProximityInfo.swift in Sources */ = {isa = PBXBuildFile; fileRef = 321627111F6DD936008C390C /* ProximityInfo.swift */; };
		32BE72BE1F6E01730065F6D6 /* RecentlyPlayedTableViewCell.swift in Sources */ = {isa = PBXBuildFile; fileRef = 32BE72BD1F6E01730065F6D6 /* RecentlyPlayedTableViewCell.swift */; };
		32BE72C01F6E16C10065F6D6 /* LikeAPIRouter.swift in Sources */ = {isa = PBXBuildFile; fileRef = 32BE72BF1F6E16C10065F6D6 /* LikeAPIRouter.swift */; };
		32BE72C41F6E3EB60065F6D6 /* AuthRequestAdapter.swift in Sources */ = {isa = PBXBuildFile; fileRef = 32BE72C31F6E3EB60065F6D6 /* AuthRequestAdapter.swift */; };
		5FB3C1E91F6E267900684712 /* Recommendations.storyboard in Resources */ = {isa = PBXBuildFile; fileRef = 5FB3C1E81F6E267900684712 /* Recommendations.storyboard */; };
		5FB3C1EB1F6E283900684712 /* Settings.storyboard in Resources */ = {isa = PBXBuildFile; fileRef = 5FB3C1EA1F6E283900684712 /* Settings.storyboard */; };
		5FB3C1ED1F6E389D00684712 /* RecommendationsViewController.swift in Sources */ = {isa = PBXBuildFile; fileRef = 5FB3C1EC1F6E389D00684712 /* RecommendationsViewController.swift */; };
		5FB3C1EF1F6E38BC00684712 /* RecommendationsViewModel.swift in Sources */ = {isa = PBXBuildFile; fileRef = 5FB3C1EE1F6E38BC00684712 /* RecommendationsViewModel.swift */; };
		5FB3C1F11F6E3DBD00684712 /* RecommendationTableViewCell.swift in Sources */ = {isa = PBXBuildFile; fileRef = 5FB3C1F01F6E3DBD00684712 /* RecommendationTableViewCell.swift */; };
		5FB3C1F31F6E51FF00684712 /* Session.swift in Sources */ = {isa = PBXBuildFile; fileRef = 5FB3C1F21F6E51FF00684712 /* Session.swift */; };
		72C3DCB44261BE8AA6779D8E /* Pods_HTNMusic.framework in Frameworks */ = {isa = PBXBuildFile; fileRef = 20074BE002CB37F9727F6F55 /* Pods_HTNMusic.framework */; };
/* End PBXBuildFile section */

/* Begin PBXFileReference section */
		20074BE002CB37F9727F6F55 /* Pods_HTNMusic.framework */ = {isa = PBXFileReference; explicitFileType = wrapper.framework; includeInIndex = 0; path = Pods_HTNMusic.framework; sourceTree = BUILT_PRODUCTS_DIR; };
		26DE95EC301B9EED592E38AD /* Pods-HTNMusic.release.xcconfig */ = {isa = PBXFileReference; includeInIndex = 1; lastKnownFileType = text.xcconfig; name = "Pods-HTNMusic.release.xcconfig"; path = "Pods/Target Support Files/Pods-HTNMusic/Pods-HTNMusic.release.xcconfig"; sourceTree = "<group>"; };
		2D2A5993D5EF0E9F9723C68A /* Pods-HTNMusic.debug.xcconfig */ = {isa = PBXFileReference; includeInIndex = 1; lastKnownFileType = text.xcconfig; name = "Pods-HTNMusic.debug.xcconfig"; path = "Pods/Target Support Files/Pods-HTNMusic/Pods-HTNMusic.debug.xcconfig"; sourceTree = "<group>"; };
		321626C71F6CE4EE008C390C /* HTNMusic.app */ = {isa = PBXFileReference; explicitFileType = wrapper.application; includeInIndex = 0; path = HTNMusic.app; sourceTree = BUILT_PRODUCTS_DIR; };
		321626CA1F6CE4EF008C390C /* AppDelegate.swift */ = {isa = PBXFileReference; lastKnownFileType = sourcecode.swift; path = AppDelegate.swift; sourceTree = "<group>"; };
		321626CC1F6CE4EF008C390C /* LoginViewController.swift */ = {isa = PBXFileReference; lastKnownFileType = sourcecode.swift; path = LoginViewController.swift; sourceTree = "<group>"; };
		321626CE1F6CE4EF008C390C /* DiscoverViewController.swift */ = {isa = PBXFileReference; lastKnownFileType = sourcecode.swift; path = DiscoverViewController.swift; sourceTree = "<group>"; };
		321626D31F6CE4EF008C390C /* Assets.xcassets */ = {isa = PBXFileReference; lastKnownFileType = folder.assetcatalog; path = Assets.xcassets; sourceTree = "<group>"; };
		321626D61F6CE4EF008C390C /* Base */ = {isa = PBXFileReference; lastKnownFileType = file.storyboard; name = Base; path = Base.lproj/LaunchScreen.storyboard; sourceTree = "<group>"; };
		321626D81F6CE4EF008C390C /* Info.plist */ = {isa = PBXFileReference; lastKnownFileType = text.plist.xml; path = Info.plist; sourceTree = "<group>"; };
		321626E21F6CE57B008C390C /* LoginViewModel.swift */ = {isa = PBXFileReference; fileEncoding = 4; lastKnownFileType = sourcecode.swift; path = LoginViewModel.swift; sourceTree = "<group>"; };
		321626E41F6CE583008C390C /* DiscoverViewModel.swift */ = {isa = PBXFileReference; fileEncoding = 4; lastKnownFileType = sourcecode.swift; path = DiscoverViewModel.swift; sourceTree = "<group>"; };
		321626E61F6CE5FA008C390C /* Login.storyboard */ = {isa = PBXFileReference; fileEncoding = 4; lastKnownFileType = file.storyboard; path = Login.storyboard; sourceTree = "<group>"; };
		321626E81F6CE8FB008C390C /* Discover.storyboard */ = {isa = PBXFileReference; fileEncoding = 4; lastKnownFileType = file.storyboard; path = Discover.storyboard; sourceTree = "<group>"; };
		321626EC1F6D05E2008C390C /* User.swift */ = {isa = PBXFileReference; fileEncoding = 4; lastKnownFileType = sourcecode.swift; path = User.swift; sourceTree = "<group>"; };
		321626EF1F6D155A008C390C /* LoginAPIRouter.swift */ = {isa = PBXFileReference; fileEncoding = 4; lastKnownFileType = sourcecode.swift; path = LoginAPIRouter.swift; sourceTree = "<group>"; };
		321626F11F6D23AD008C390C /* SongInfo.swift */ = {isa = PBXFileReference; fileEncoding = 4; lastKnownFileType = sourcecode.swift; path = SongInfo.swift; sourceTree = "<group>"; };
		321626F51F6D3560008C390C /* Coordinate2D.swift */ = {isa = PBXFileReference; fileEncoding = 4; lastKnownFileType = sourcecode.swift; path = Coordinate2D.swift; sourceTree = "<group>"; };
		321626F71F6D4F6A008C390C /* RoundedImageView.swift */ = {isa = PBXFileReference; fileEncoding = 4; lastKnownFileType = sourcecode.swift; path = RoundedImageView.swift; sourceTree = "<group>"; };
		321626F91F6D6BBC008C390C /* DiscoverTableViewCell.swift */ = {isa = PBXFileReference; fileEncoding = 4; lastKnownFileType = sourcecode.swift; path = DiscoverTableViewCell.swift; sourceTree = "<group>"; };
		321626FB1F6D773E008C390C /* ScreenCoords.swift */ = {isa = PBXFileReference; fileEncoding = 4; lastKnownFileType = sourcecode.swift; path = ScreenCoords.swift; sourceTree = "<group>"; };
		321626FD1F6D92BF008C390C /* Constants.swift */ = {isa = PBXFileReference; fileEncoding = 4; lastKnownFileType = sourcecode.swift; path = Constants.swift; sourceTree = "<group>"; };
		321626FF1F6D9F11008C390C /* UserProfile.storyboard */ = {isa = PBXFileReference; fileEncoding = 4; lastKnownFileType = file.storyboard; path = UserProfile.storyboard; sourceTree = "<group>"; };
		321627011F6DC10B008C390C /* APIResult.swift */ = {isa = PBXFileReference; fileEncoding = 4; lastKnownFileType = sourcecode.swift; path = APIResult.swift; sourceTree = "<group>"; };
		321627031F6DC120008C390C /* FollowingAPIRouter.swift */ = {isa = PBXFileReference; fileEncoding = 4; lastKnownFileType = sourcecode.swift; path = FollowingAPIRouter.swift; sourceTree = "<group>"; };
		321627041F6DC120008C390C /* LocationAPIRouter.swift */ = {isa = PBXFileReference; fileEncoding = 4; lastKnownFileType = sourcecode.swift; path = LocationAPIRouter.swift; sourceTree = "<group>"; };
		321627051F6DC120008C390C /* NearbyAPIRouter.swift */ = {isa = PBXFileReference; fileEncoding = 4; lastKnownFileType = sourcecode.swift; path = NearbyAPIRouter.swift; sourceTree = "<group>"; };
		321627061F6DC120008C390C /* StatusAPIRouter.swift */ = {isa = PBXFileReference; fileEncoding = 4; lastKnownFileType = sourcecode.swift; path = StatusAPIRouter.swift; sourceTree = "<group>"; };
		321627071F6DC120008C390C /* UserAPIRouter.swift */ = {isa = PBXFileReference; fileEncoding = 4; lastKnownFileType = sourcecode.swift; path = UserAPIRouter.swift; sourceTree = "<group>"; };
		3216270D1F6DC787008C390C /* UserProfileViewController.swift */ = {isa = PBXFileReference; fileEncoding = 4; lastKnownFileType = sourcecode.swift; path = UserProfileViewController.swift; sourceTree = "<group>"; };
		3216270F1F6DCCF9008C390C /* UserProfileViewModel.swift */ = {isa = PBXFileReference; fileEncoding = 4; lastKnownFileType = sourcecode.swift; path = UserProfileViewModel.swift; sourceTree = "<group>"; };
		321627111F6DD936008C390C /* ProximityInfo.swift */ = {isa = PBXFileReference; fileEncoding = 4; lastKnownFileType = sourcecode.swift; path = ProximityInfo.swift; sourceTree = "<group>"; };
		32BE72BD1F6E01730065F6D6 /* RecentlyPlayedTableViewCell.swift */ = {isa = PBXFileReference; fileEncoding = 4; lastKnownFileType = sourcecode.swift; path = RecentlyPlayedTableViewCell.swift; sourceTree = "<group>"; };
		32BE72BF1F6E16C10065F6D6 /* LikeAPIRouter.swift */ = {isa = PBXFileReference; fileEncoding = 4; lastKnownFileType = sourcecode.swift; path = LikeAPIRouter.swift; sourceTree = "<group>"; };
		32BE72C31F6E3EB60065F6D6 /* AuthRequestAdapter.swift */ = {isa = PBXFileReference; fileEncoding = 4; lastKnownFileType = sourcecode.swift; path = AuthRequestAdapter.swift; sourceTree = "<group>"; };
		5FB3C1E81F6E267900684712 /* Recommendations.storyboard */ = {isa = PBXFileReference; fileEncoding = 4; lastKnownFileType = file.storyboard; path = Recommendations.storyboard; sourceTree = "<group>"; };
		5FB3C1EA1F6E283900684712 /* Settings.storyboard */ = {isa = PBXFileReference; fileEncoding = 4; lastKnownFileType = file.storyboard; path = Settings.storyboard; sourceTree = "<group>"; };
		5FB3C1EC1F6E389D00684712 /* RecommendationsViewController.swift */ = {isa = PBXFileReference; fileEncoding = 4; lastKnownFileType = sourcecode.swift; path = RecommendationsViewController.swift; sourceTree = "<group>"; };
		5FB3C1EE1F6E38BC00684712 /* RecommendationsViewModel.swift */ = {isa = PBXFileReference; fileEncoding = 4; lastKnownFileType = sourcecode.swift; path = RecommendationsViewModel.swift; sourceTree = "<group>"; };
		5FB3C1F01F6E3DBD00684712 /* RecommendationTableViewCell.swift */ = {isa = PBXFileReference; fileEncoding = 4; lastKnownFileType = sourcecode.swift; path = RecommendationTableViewCell.swift; sourceTree = "<group>"; };
		5FB3C1F21F6E51FF00684712 /* Session.swift */ = {isa = PBXFileReference; fileEncoding = 4; lastKnownFileType = sourcecode.swift; path = Session.swift; sourceTree = "<group>"; };
/* End PBXFileReference section */

/* Begin PBXFrameworksBuildPhase section */
		321626C41F6CE4EE008C390C /* Frameworks */ = {
			isa = PBXFrameworksBuildPhase;
			buildActionMask = 2147483647;
			files = (
				72C3DCB44261BE8AA6779D8E /* Pods_HTNMusic.framework in Frameworks */,
			);
			runOnlyForDeploymentPostprocessing = 0;
		};
/* End PBXFrameworksBuildPhase section */

/* Begin PBXGroup section */
		1EFDAF7C8169CF785C36BC56 /* Frameworks */ = {
			isa = PBXGroup;
			children = (
				20074BE002CB37F9727F6F55 /* Pods_HTNMusic.framework */,
			);
			name = Frameworks;
			sourceTree = "<group>";
		};
		321626BE1F6CE4EE008C390C = {
			isa = PBXGroup;
			children = (
				321626C91F6CE4EE008C390C /* HTNMusic */,
				321626C81F6CE4EE008C390C /* Products */,
				73988D61BD3F88EEB5CB4565 /* Pods */,
				1EFDAF7C8169CF785C36BC56 /* Frameworks */,
			);
			sourceTree = "<group>";
		};
		321626C81F6CE4EE008C390C /* Products */ = {
			isa = PBXGroup;
			children = (
				321626C71F6CE4EE008C390C /* HTNMusic.app */,
			);
			name = Products;
			sourceTree = "<group>";
		};
		321626C91F6CE4EE008C390C /* HTNMusic */ = {
			isa = PBXGroup;
			children = (
				321626CA1F6CE4EF008C390C /* AppDelegate.swift */,
				321626EE1F6D154B008C390C /* API */,
				321626E11F6CE51E008C390C /* Models */,
				321626E01F6CE515008C390C /* Views */,
				321626DF1F6CE508008C390C /* View Models */,
				321626DE1F6CE501008C390C /* Controllers */,
				321626F71F6D4F6A008C390C /* RoundedImageView.swift */,
				321626FD1F6D92BF008C390C /* Constants.swift */,
				5FB3C1F21F6E51FF00684712 /* Session.swift */,
				321626D31F6CE4EF008C390C /* Assets.xcassets */,
				321626D51F6CE4EF008C390C /* LaunchScreen.storyboard */,
				321626D81F6CE4EF008C390C /* Info.plist */,
			);
			path = HTNMusic;
			sourceTree = "<group>";
		};
		321626DE1F6CE501008C390C /* Controllers */ = {
			isa = PBXGroup;
			children = (
				321626CC1F6CE4EF008C390C /* LoginViewController.swift */,
				5FB3C1EC1F6E389D00684712 /* RecommendationsViewController.swift */,
				3216270D1F6DC787008C390C /* UserProfileViewController.swift */,
				32BE72BD1F6E01730065F6D6 /* RecentlyPlayedTableViewCell.swift */,
				321626F91F6D6BBC008C390C /* DiscoverTableViewCell.swift */,
				5FB3C1F01F6E3DBD00684712 /* RecommendationTableViewCell.swift */,
				321626CE1F6CE4EF008C390C /* DiscoverViewController.swift */,
			);
			name = Controllers;
			sourceTree = "<group>";
		};
		321626DF1F6CE508008C390C /* View Models */ = {
			isa = PBXGroup;
			children = (
				321626E21F6CE57B008C390C /* LoginViewModel.swift */,
				3216270F1F6DCCF9008C390C /* UserProfileViewModel.swift */,
				5FB3C1EE1F6E38BC00684712 /* RecommendationsViewModel.swift */,
				321626E41F6CE583008C390C /* DiscoverViewModel.swift */,
			);
			name = "View Models";
			sourceTree = "<group>";
		};
		321626E01F6CE515008C390C /* Views */ = {
			isa = PBXGroup;
			children = (
				321626E61F6CE5FA008C390C /* Login.storyboard */,
				321626E81F6CE8FB008C390C /* Discover.storyboard */,
				5FB3C1EA1F6E283900684712 /* Settings.storyboard */,
				5FB3C1E81F6E267900684712 /* Recommendations.storyboard */,
				321626FF1F6D9F11008C390C /* UserProfile.storyboard */,
			);
			name = Views;
			sourceTree = "<group>";
		};
		321626E11F6CE51E008C390C /* Models */ = {
			isa = PBXGroup;
			children = (
				321627111F6DD936008C390C /* ProximityInfo.swift */,
				321627011F6DC10B008C390C /* APIResult.swift */,
				321626EC1F6D05E2008C390C /* User.swift */,
				321626F51F6D3560008C390C /* Coordinate2D.swift */,
				321626FB1F6D773E008C390C /* ScreenCoords.swift */,
				321626F11F6D23AD008C390C /* SongInfo.swift */,
			);
			name = Models;
			sourceTree = "<group>";
		};
		321626EE1F6D154B008C390C /* API */ = {
			isa = PBXGroup;
			children = (
				321627031F6DC120008C390C /* FollowingAPIRouter.swift */,
				321627041F6DC120008C390C /* LocationAPIRouter.swift */,
				321627051F6DC120008C390C /* NearbyAPIRouter.swift */,
				32BE72BF1F6E16C10065F6D6 /* LikeAPIRouter.swift */,
				32BE72C31F6E3EB60065F6D6 /* AuthRequestAdapter.swift */,
				321627061F6DC120008C390C /* StatusAPIRouter.swift */,
				321627071F6DC120008C390C /* UserAPIRouter.swift */,
				321626EF1F6D155A008C390C /* LoginAPIRouter.swift */,
			);
			name = API;
			sourceTree = "<group>";
		};
		73988D61BD3F88EEB5CB4565 /* Pods */ = {
			isa = PBXGroup;
			children = (
				2D2A5993D5EF0E9F9723C68A /* Pods-HTNMusic.debug.xcconfig */,
				26DE95EC301B9EED592E38AD /* Pods-HTNMusic.release.xcconfig */,
			);
			name = Pods;
			sourceTree = "<group>";
		};
/* End PBXGroup section */

/* Begin PBXNativeTarget section */
		321626C61F6CE4EE008C390C /* HTNMusic */ = {
			isa = PBXNativeTarget;
			buildConfigurationList = 321626DB1F6CE4EF008C390C /* Build configuration list for PBXNativeTarget "HTNMusic" */;
			buildPhases = (
				E714C8B0FF0793C1A2CB97C6 /* [CP] Check Pods Manifest.lock */,
				321626C31F6CE4EE008C390C /* Sources */,
				321626C41F6CE4EE008C390C /* Frameworks */,
				321626C51F6CE4EE008C390C /* Resources */,
				F90ADACA79AEB10ACCC312CA /* [CP] Embed Pods Frameworks */,
				42A92D4A0D9363010CD3F382 /* [CP] Copy Pods Resources */,
			);
			buildRules = (
			);
			dependencies = (
			);
			name = HTNMusic;
			productName = HTNMusic;
			productReference = 321626C71F6CE4EE008C390C /* HTNMusic.app */;
			productType = "com.apple.product-type.application";
		};
/* End PBXNativeTarget section */

/* Begin PBXProject section */
		321626BF1F6CE4EE008C390C /* Project object */ = {
			isa = PBXProject;
			attributes = {
				LastSwiftUpdateCheck = 0830;
				LastUpgradeCheck = 0830;
				ORGANIZATIONNAME = "Yeva Yu";
				TargetAttributes = {
					321626C61F6CE4EE008C390C = {
						CreatedOnToolsVersion = 8.3.3;
						DevelopmentTeam = 6FM8U5PMK8;
						ProvisioningStyle = Automatic;
					};
				};
			};
			buildConfigurationList = 321626C21F6CE4EE008C390C /* Build configuration list for PBXProject "HTNMusic" */;
			compatibilityVersion = "Xcode 3.2";
			developmentRegion = English;
			hasScannedForEncodings = 0;
			knownRegions = (
				en,
				Base,
			);
			mainGroup = 321626BE1F6CE4EE008C390C;
			productRefGroup = 321626C81F6CE4EE008C390C /* Products */;
			projectDirPath = "";
			projectRoot = "";
			targets = (
				321626C61F6CE4EE008C390C /* HTNMusic */,
			);
		};
/* End PBXProject section */

/* Begin PBXResourcesBuildPhase section */
		321626C51F6CE4EE008C390C /* Resources */ = {
			isa = PBXResourcesBuildPhase;
			buildActionMask = 2147483647;
			files = (
				321626E71F6CE5FA008C390C /* Login.storyboard in Resources */,
				321626D71F6CE4EF008C390C /* LaunchScreen.storyboard in Resources */,
				321626E91F6CE8FB008C390C /* Discover.storyboard in Resources */,
				5FB3C1E91F6E267900684712 /* Recommendations.storyboard in Resources */,
				321627001F6D9F11008C390C /* UserProfile.storyboard in Resources */,
				321626D41F6CE4EF008C390C /* Assets.xcassets in Resources */,
				5FB3C1EB1F6E283900684712 /* Settings.storyboard in Resources */,
			);
			runOnlyForDeploymentPostprocessing = 0;
		};
/* End PBXResourcesBuildPhase section */

/* Begin PBXShellScriptBuildPhase section */
		42A92D4A0D9363010CD3F382 /* [CP] Copy Pods Resources */ = {
			isa = PBXShellScriptBuildPhase;
			buildActionMask = 2147483647;
			files = (
			);
			inputPaths = (
			);
			name = "[CP] Copy Pods Resources";
			outputPaths = (
			);
			runOnlyForDeploymentPostprocessing = 0;
			shellPath = /bin/sh;
			shellScript = "\"${SRCROOT}/Pods/Target Support Files/Pods-HTNMusic/Pods-HTNMusic-resources.sh\"\n";
			showEnvVarsInLog = 0;
		};
		E714C8B0FF0793C1A2CB97C6 /* [CP] Check Pods Manifest.lock */ = {
			isa = PBXShellScriptBuildPhase;
			buildActionMask = 2147483647;
			files = (
			);
			inputPaths = (
				"${PODS_PODFILE_DIR_PATH}/Podfile.lock",
				"${PODS_ROOT}/Manifest.lock",
			);
			name = "[CP] Check Pods Manifest.lock";
			outputPaths = (
				"$(DERIVED_FILE_DIR)/Pods-HTNMusic-checkManifestLockResult.txt",
			);
			runOnlyForDeploymentPostprocessing = 0;
			shellPath = /bin/sh;
			shellScript = "diff \"${PODS_PODFILE_DIR_PATH}/Podfile.lock\" \"${PODS_ROOT}/Manifest.lock\" > /dev/null\nif [ $? != 0 ] ; then\n    # print error to STDERR\n    echo \"error: The sandbox is not in sync with the Podfile.lock. Run 'pod install' or update your CocoaPods installation.\" >&2\n    exit 1\nfi\n# This output is used by Xcode 'outputs' to avoid re-running this script phase.\necho \"SUCCESS\" > \"${SCRIPT_OUTPUT_FILE_0}\"\n";
			showEnvVarsInLog = 0;
		};
		F90ADACA79AEB10ACCC312CA /* [CP] Embed Pods Frameworks */ = {
			isa = PBXShellScriptBuildPhase;
			buildActionMask = 2147483647;
			files = (
			);
			inputPaths = (
				"${SRCROOT}/Pods/Target Support Files/Pods-HTNMusic/Pods-HTNMusic-frameworks.sh",
				"${BUILT_PRODUCTS_DIR}/Alamofire/Alamofire.framework",
				"${BUILT_PRODUCTS_DIR}/Bond/Bond.framework",
				"${BUILT_PRODUCTS_DIR}/Diff/Diff.framework",
				"${BUILT_PRODUCTS_DIR}/Gloss/Gloss.framework",
				"${BUILT_PRODUCTS_DIR}/ReactiveKit/ReactiveKit.framework",
			);
			name = "[CP] Embed Pods Frameworks";
			outputPaths = (
				"${TARGET_BUILD_DIR}/${FRAMEWORKS_FOLDER_PATH}/Alamofire.framework",
				"${TARGET_BUILD_DIR}/${FRAMEWORKS_FOLDER_PATH}/Bond.framework",
				"${TARGET_BUILD_DIR}/${FRAMEWORKS_FOLDER_PATH}/Diff.framework",
				"${TARGET_BUILD_DIR}/${FRAMEWORKS_FOLDER_PATH}/Gloss.framework",
				"${TARGET_BUILD_DIR}/${FRAMEWORKS_FOLDER_PATH}/ReactiveKit.framework",
			);
			runOnlyForDeploymentPostprocessing = 0;
			shellPath = /bin/sh;
			shellScript = "\"${SRCROOT}/Pods/Target Support Files/Pods-HTNMusic/Pods-HTNMusic-frameworks.sh\"\n";
			showEnvVarsInLog = 0;
		};
/* End PBXShellScriptBuildPhase section */

/* Begin PBXSourcesBuildPhase section */
		321626C31F6CE4EE008C390C /* Sources */ = {
			isa = PBXSourcesBuildPhase;
			buildActionMask = 2147483647;
			files = (
				321626E31F6CE57B008C390C /* LoginViewModel.swift in Sources */,
				3216270E1F6DC787008C390C /* UserProfileViewController.swift in Sources */,
				3216270B1F6DC120008C390C /* StatusAPIRouter.swift in Sources */,
				32BE72BE1F6E01730065F6D6 /* RecentlyPlayedTableViewCell.swift in Sources */,
				321626F61F6D3560008C390C /* Coordinate2D.swift in Sources */,
				321626CF1F6CE4EF008C390C /* DiscoverViewController.swift in Sources */,
				3216270A1F6DC120008C390C /* NearbyAPIRouter.swift in Sources */,
				321626F01F6D155A008C390C /* LoginAPIRouter.swift in Sources */,
				321627021F6DC10B008C390C /* APIResult.swift in Sources */,
				321626E51F6CE583008C390C /* DiscoverViewModel.swift in Sources */,
				321627091F6DC120008C390C /* LocationAPIRouter.swift in Sources */,
				5FB3C1EF1F6E38BC00684712 /* RecommendationsViewModel.swift in Sources */,
				321626F21F6D23AD008C390C /* SongInfo.swift in Sources */,
				321627121F6DD936008C390C /* ProximityInfo.swift in Sources */,
				321626CB1F6CE4EF008C390C /* AppDelegate.swift in Sources */,
				32BE72C41F6E3EB60065F6D6 /* AuthRequestAdapter.swift in Sources */,
				5FB3C1F31F6E51FF00684712 /* Session.swift in Sources */,
				32BE72C01F6E16C10065F6D6 /* LikeAPIRouter.swift in Sources */,
				321626FE1F6D92BF008C390C /* Constants.swift in Sources */,
				321626FC1F6D773E008C390C /* ScreenCoords.swift in Sources */,
				321626CD1F6CE4EF008C390C /* LoginViewController.swift in Sources */,
				321626FA1F6D6BBC008C390C /* DiscoverTableViewCell.swift in Sources */,
				321626F81F6D4F6A008C390C /* RoundedImageView.swift in Sources */,
				321627101F6DCCF9008C390C /* UserProfileViewModel.swift in Sources */,
				5FB3C1ED1F6E389D00684712 /* RecommendationsViewController.swift in Sources */,
				5FB3C1F11F6E3DBD00684712 /* RecommendationTableViewCell.swift in Sources */,
				321627081F6DC120008C390C /* FollowingAPIRouter.swift in Sources */,
				321626ED1F6D05E2008C390C /* User.swift in Sources */,
				3216270C1F6DC120008C390C /* UserAPIRouter.swift in Sources */,
			);
			runOnlyForDeploymentPostprocessing = 0;
		};
/* End PBXSourcesBuildPhase section */

/* Begin PBXVariantGroup section */
		321626D51F6CE4EF008C390C /* LaunchScreen.storyboard */ = {
			isa = PBXVariantGroup;
			children = (
				321626D61F6CE4EF008C390C /* Base */,
			);
			name = LaunchScreen.storyboard;
			sourceTree = "<group>";
		};
/* End PBXVariantGroup section */

/* Begin XCBuildConfiguration section */
		321626D91F6CE4EF008C390C /* Debug */ = {
			isa = XCBuildConfiguration;
			buildSettings = {
				ALWAYS_SEARCH_USER_PATHS = NO;
				CLANG_ANALYZER_NONNULL = YES;
				CLANG_ANALYZER_NUMBER_OBJECT_CONVERSION = YES_AGGRESSIVE;
				CLANG_CXX_LANGUAGE_STANDARD = "gnu++0x";
				CLANG_CXX_LIBRARY = "libc++";
				CLANG_ENABLE_MODULES = YES;
				CLANG_ENABLE_OBJC_ARC = YES;
				CLANG_WARN_BOOL_CONVERSION = YES;
				CLANG_WARN_CONSTANT_CONVERSION = YES;
				CLANG_WARN_DIRECT_OBJC_ISA_USAGE = YES_ERROR;
				CLANG_WARN_DOCUMENTATION_COMMENTS = YES;
				CLANG_WARN_EMPTY_BODY = YES;
				CLANG_WARN_ENUM_CONVERSION = YES;
				CLANG_WARN_INFINITE_RECURSION = YES;
				CLANG_WARN_INT_CONVERSION = YES;
				CLANG_WARN_OBJC_ROOT_CLASS = YES_ERROR;
				CLANG_WARN_SUSPICIOUS_MOVE = YES;
				CLANG_WARN_UNREACHABLE_CODE = YES;
				CLANG_WARN__DUPLICATE_METHOD_MATCH = YES;
				"CODE_SIGN_IDENTITY[sdk=iphoneos*]" = "iPhone Developer";
				COPY_PHASE_STRIP = NO;
				DEBUG_INFORMATION_FORMAT = dwarf;
				ENABLE_STRICT_OBJC_MSGSEND = YES;
				ENABLE_TESTABILITY = YES;
				GCC_C_LANGUAGE_STANDARD = gnu99;
				GCC_DYNAMIC_NO_PIC = NO;
				GCC_NO_COMMON_BLOCKS = YES;
				GCC_OPTIMIZATION_LEVEL = 0;
				GCC_PREPROCESSOR_DEFINITIONS = (
					"DEBUG=1",
					"$(inherited)",
				);
				GCC_WARN_64_TO_32_BIT_CONVERSION = YES;
				GCC_WARN_ABOUT_RETURN_TYPE = YES_ERROR;
				GCC_WARN_UNDECLARED_SELECTOR = YES;
				GCC_WARN_UNINITIALIZED_AUTOS = YES_AGGRESSIVE;
				GCC_WARN_UNUSED_FUNCTION = YES;
				GCC_WARN_UNUSED_VARIABLE = YES;
				IPHONEOS_DEPLOYMENT_TARGET = 10.3;
				MTL_ENABLE_DEBUG_INFO = YES;
				ONLY_ACTIVE_ARCH = YES;
				SDKROOT = iphoneos;
				SWIFT_ACTIVE_COMPILATION_CONDITIONS = DEBUG;
				SWIFT_OPTIMIZATION_LEVEL = "-Onone";
				TARGETED_DEVICE_FAMILY = "1,2";
			};
			name = Debug;
		};
		321626DA1F6CE4EF008C390C /* Release */ = {
			isa = XCBuildConfiguration;
			buildSettings = {
				ALWAYS_SEARCH_USER_PATHS = NO;
				CLANG_ANALYZER_NONNULL = YES;
				CLANG_ANALYZER_NUMBER_OBJECT_CONVERSION = YES_AGGRESSIVE;
				CLANG_CXX_LANGUAGE_STANDARD = "gnu++0x";
				CLANG_CXX_LIBRARY = "libc++";
				CLANG_ENABLE_MODULES = YES;
				CLANG_ENABLE_OBJC_ARC = YES;
				CLANG_WARN_BOOL_CONVERSION = YES;
				CLANG_WARN_CONSTANT_CONVERSION = YES;
				CLANG_WARN_DIRECT_OBJC_ISA_USAGE = YES_ERROR;
				CLANG_WARN_DOCUMENTATION_COMMENTS = YES;
				CLANG_WARN_EMPTY_BODY = YES;
				CLANG_WARN_ENUM_CONVERSION = YES;
				CLANG_WARN_INFINITE_RECURSION = YES;
				CLANG_WARN_INT_CONVERSION = YES;
				CLANG_WARN_OBJC_ROOT_CLASS = YES_ERROR;
				CLANG_WARN_SUSPICIOUS_MOVE = YES;
				CLANG_WARN_UNREACHABLE_CODE = YES;
				CLANG_WARN__DUPLICATE_METHOD_MATCH = YES;
				"CODE_SIGN_IDENTITY[sdk=iphoneos*]" = "iPhone Developer";
				COPY_PHASE_STRIP = NO;
				DEBUG_INFORMATION_FORMAT = "dwarf-with-dsym";
				ENABLE_NS_ASSERTIONS = NO;
				ENABLE_STRICT_OBJC_MSGSEND = YES;
				GCC_C_LANGUAGE_STANDARD = gnu99;
				GCC_NO_COMMON_BLOCKS = YES;
				GCC_WARN_64_TO_32_BIT_CONVERSION = YES;
				GCC_WARN_ABOUT_RETURN_TYPE = YES_ERROR;
				GCC_WARN_UNDECLARED_SELECTOR = YES;
				GCC_WARN_UNINITIALIZED_AUTOS = YES_AGGRESSIVE;
				GCC_WARN_UNUSED_FUNCTION = YES;
				GCC_WARN_UNUSED_VARIABLE = YES;
				IPHONEOS_DEPLOYMENT_TARGET = 10.3;
				MTL_ENABLE_DEBUG_INFO = NO;
				SDKROOT = iphoneos;
				SWIFT_OPTIMIZATION_LEVEL = "-Owholemodule";
				TARGETED_DEVICE_FAMILY = "1,2";
				VALIDATE_PRODUCT = YES;
			};
			name = Release;
		};
		321626DC1F6CE4EF008C390C /* Debug */ = {
			isa = XCBuildConfiguration;
			baseConfigurationReference = 2D2A5993D5EF0E9F9723C68A /* Pods-HTNMusic.debug.xcconfig */;
			buildSettings = {
				ASSETCATALOG_COMPILER_APPICON_NAME = AppIcon;
				DEVELOPMENT_TEAM = 6FM8U5PMK8;
				INFOPLIST_FILE = HTNMusic/Info.plist;
				IPHONEOS_DEPLOYMENT_TARGET = 10.1;
				LD_RUNPATH_SEARCH_PATHS = "$(inherited) @executable_path/Frameworks";
				PRODUCT_BUNDLE_IDENTIFIER = yevayu.HTNMusic;
				PRODUCT_NAME = "$(TARGET_NAME)";
				SWIFT_VERSION = 3.0;
			};
			name = Debug;
		};
		321626DD1F6CE4EF008C390C /* Release */ = {
			isa = XCBuildConfiguration;
			baseConfigurationReference = 26DE95EC301B9EED592E38AD /* Pods-HTNMusic.release.xcconfig */;
			buildSettings = {
				ASSETCATALOG_COMPILER_APPICON_NAME = AppIcon;
				DEVELOPMENT_TEAM = 6FM8U5PMK8;
				INFOPLIST_FILE = HTNMusic/Info.plist;
				IPHONEOS_DEPLOYMENT_TARGET = 10.1;
				LD_RUNPATH_SEARCH_PATHS = "$(inherited) @executable_path/Frameworks";
				PRODUCT_BUNDLE_IDENTIFIER = yevayu.HTNMusic;
				PRODUCT_NAME = "$(TARGET_NAME)";
				SWIFT_VERSION = 3.0;
			};
			name = Release;
		};
/* End XCBuildConfiguration section */

/* Begin XCConfigurationList section */
		321626C21F6CE4EE008C390C /* Build configuration list for PBXProject "HTNMusic" */ = {
			isa = XCConfigurationList;
			buildConfigurations = (
				321626D91F6CE4EF008C390C /* Debug */,
				321626DA1F6CE4EF008C390C /* Release */,
			);
			defaultConfigurationIsVisible = 0;
			defaultConfigurationName = Release;
		};
		321626DB1F6CE4EF008C390C /* Build configuration list for PBXNativeTarget "HTNMusic" */ = {
			isa = XCConfigurationList;
			buildConfigurations = (
				321626DC1F6CE4EF008C390C /* Debug */,
				321626DD1F6CE4EF008C390C /* Release */,
			);
			defaultConfigurationIsVisible = 0;
			defaultConfigurationName = Release;
		};
/* End XCConfigurationList section */
	};
	rootObject = 321626BF1F6CE4EE008C390C /* Project object */;
}
